
Microsoft Visual Studio Solution File, Format Version 12.00
# Visual Studio Version 17
VisualStudioVersion = 17.0.32014.148
MinimumVisualStudioVersion = 10.0.40219.1
Project("{2150E333-8FDC-42A3-9474-1A3956D46DE8}") = "src", "src", "{C642A8D6-7444-4126-8ABF-3AADAD2620F0}"
EndProject
Project("{2150E333-8FDC-42A3-9474-1A3956D46DE8}") = "tests", "tests", "{B3D40731-96F5-43DC-928B-472F85660B9B}"
EndProject
Project("{9A19103F-16F7-4668-BE54-9A1E7A4F7556}") = "GameOfChance.Core", "src\GameOfChance.Core\GameOfChance.Core.csproj", "{5C4FA084-BE59-4977-B60F-E4915367F789}"
EndProject
Project("{9A19103F-16F7-4668-BE54-9A1E7A4F7556}") = "GameOfChance.Client", "src\GameOfChance.Client\GameOfChance.Client.csproj", "{9FF161A1-0C7C-437E-BBF9-C2454ED7FB7F}"
EndProject
Project("{9A19103F-16F7-4668-BE54-9A1E7A4F7556}") = "GameOfChance.Api", "src\GameOfChance.Api\GameOfChance.Api.csproj", "{0C10A300-598B-49CE-A4E3-A4BBEA6E436B}"
EndProject
Project("{9A19103F-16F7-4668-BE54-9A1E7A4F7556}") = "GameOfChance.Infrastructure", "src\GameOfChance.Infrastructure\GameOfChance.Infrastructure.csproj", "{BE5BDB59-78F5-4D80-8383-B50BBE4DED3B}"
EndProject
Project("{2150E333-8FDC-42A3-9474-1A3956D46DE8}") = "Core", "Core", "{E2B056CC-26FB-4B37-8BBD-0E3F5FC8B380}"
EndProject
Project("{9A19103F-16F7-4668-BE54-9A1E7A4F7556}") = "GameOfChance.SharedKernel", "src\Core\GameOfChance.SharedKernel\GameOfChance.SharedKernel.csproj", "{5E10E290-A9B6-4A17-8AB1-A993F45A4738}"
EndProject
Project("{9A19103F-16F7-4668-BE54-9A1E7A4F7556}") = "GameOfChance.Tests", "tests\GameOfChance.Tests\GameOfChance.Tests.csproj", "{815B2639-A33D-4251-B91B-24997AC3E7BB}"
EndProject
Project("{2150E333-8FDC-42A3-9474-1A3956D46DE8}") = "SolutionItems", "SolutionItems", "{B0566F34-B5D9-4652-BEE7-4C3FEEFF0652}"
	ProjectSection(SolutionItems) = preProject
		README.md = README.md
	EndProjectSection
EndProject
Global
	GlobalSection(SolutionConfigurationPlatforms) = preSolution
		Debug|Any CPU = Debug|Any CPU
		Release|Any CPU = Release|Any CPU
	EndGlobalSection
	GlobalSection(ProjectConfigurationPlatforms) = postSolution
		{5C4FA084-BE59-4977-B60F-E4915367F789}.Debug|Any CPU.ActiveCfg = Debug|Any CPU
		{5C4FA084-BE59-4977-B60F-E4915367F789}.Debug|Any CPU.Build.0 = Debug|Any CPU
		{5C4FA084-BE59-4977-B60F-E4915367F789}.Release|Any CPU.ActiveCfg = Release|Any CPU
		{5C4FA084-BE59-4977-B60F-E4915367F789}.Release|Any CPU.Build.0 = Release|Any CPU
		{9FF161A1-0C7C-437E-BBF9-C2454ED7FB7F}.Debug|Any CPU.ActiveCfg = Debug|Any CPU
		{9FF161A1-0C7C-437E-BBF9-C2454ED7FB7F}.Debug|Any CPU.Build.0 = Debug|Any CPU
		{9FF161A1-0C7C-437E-BBF9-C2454ED7FB7F}.Release|Any CPU.ActiveCfg = Release|Any CPU
		{9FF161A1-0C7C-437E-BBF9-C2454ED7FB7F}.Release|Any CPU.Build.0 = Release|Any CPU
		{0C10A300-598B-49CE-A4E3-A4BBEA6E436B}.Debug|Any CPU.ActiveCfg = Debug|Any CPU
		{0C10A300-598B-49CE-A4E3-A4BBEA6E436B}.Debug|Any CPU.Build.0 = Debug|Any CPU
		{0C10A300-598B-49CE-A4E3-A4BBEA6E436B}.Release|Any CPU.ActiveCfg = Release|Any CPU
		{0C10A300-598B-49CE-A4E3-A4BBEA6E436B}.Release|Any CPU.Build.0 = Release|Any CPU
		{BE5BDB59-78F5-4D80-8383-B50BBE4DED3B}.Debug|Any CPU.ActiveCfg = Debug|Any CPU
		{BE5BDB59-78F5-4D80-8383-B50BBE4DED3B}.Debug|Any CPU.Build.0 = Debug|Any CPU
		{BE5BDB59-78F5-4D80-8383-B50BBE4DED3B}.Release|Any CPU.ActiveCfg = Release|Any CPU
		{BE5BDB59-78F5-4D80-8383-B50BBE4DED3B}.Release|Any CPU.Build.0 = Release|Any CPU
		{5E10E290-A9B6-4A17-8AB1-A993F45A4738}.Debug|Any CPU.ActiveCfg = Debug|Any CPU
		{5E10E290-A9B6-4A17-8AB1-A993F45A4738}.Debug|Any CPU.Build.0 = Debug|Any CPU
		{5E10E290-A9B6-4A17-8AB1-A993F45A4738}.Release|Any CPU.ActiveCfg = Release|Any CPU
		{5E10E290-A9B6-4A17-8AB1-A993F45A4738}.Release|Any CPU.Build.0 = Release|Any CPU
		{815B2639-A33D-4251-B91B-24997AC3E7BB}.Debug|Any CPU.ActiveCfg = Debug|Any CPU
		{815B2639-A33D-4251-B91B-24997AC3E7BB}.Debug|Any CPU.Build.0 = Debug|Any CPU
		{815B2639-A33D-4251-B91B-24997AC3E7BB}.Release|Any CPU.ActiveCfg = Release|Any CPU
		{815B2639-A33D-4251-B91B-24997AC3E7BB}.Release|Any CPU.Build.0 = Release|Any CPU
	EndGlobalSection
	GlobalSection(SolutionProperties) = preSolution
		HideSolutionNode = FALSE
	EndGlobalSection
	GlobalSection(NestedProjects) = preSolution
		{5C4FA084-BE59-4977-B60F-E4915367F789} = {C642A8D6-7444-4126-8ABF-3AADAD2620F0}
		{9FF161A1-0C7C-437E-BBF9-C2454ED7FB7F} = {C642A8D6-7444-4126-8ABF-3AADAD2620F0}
		{0C10A300-598B-49CE-A4E3-A4BBEA6E436B} = {C642A8D6-7444-4126-8ABF-3AADAD2620F0}
		{BE5BDB59-78F5-4D80-8383-B50BBE4DED3B} = {C642A8D6-7444-4126-8ABF-3AADAD2620F0}
		{E2B056CC-26FB-4B37-8BBD-0E3F5FC8B380} = {C642A8D6-7444-4126-8ABF-3AADAD2620F0}
		{5E10E290-A9B6-4A17-8AB1-A993F45A4738} = {E2B056CC-26FB-4B37-8BBD-0E3F5FC8B380}
		{815B2639-A33D-4251-B91B-24997AC3E7BB} = {B3D40731-96F5-43DC-928B-472F85660B9B}
		{B0566F34-B5D9-4652-BEE7-4C3FEEFF0652} = {C642A8D6-7444-4126-8ABF-3AADAD2620F0}
	EndGlobalSection
	GlobalSection(ExtensibilityGlobals) = postSolution
		SolutionGuid = {6D531A43-394D-4D60-B86C-BBB1FCE66C45}
	EndGlobalSection
EndGlobal
